
Microsoft Visual Studio Solution File, Format Version 12.00
Project("{FAE04EC0-301F-11D3-BF4B-00C04F79EFBC}") = "CityInfo.API", "CityInfo.API\CityInfo.API.csproj", "{EF5212A4-1D66-4B99-B6C3-4C5840648E1B}"
EndProject
Project("{FAE04EC0-301F-11D3-BF4B-00C04F79EFBC}") = "CityInfo.API.Test", "CityInfo.API.Test\CityInfo.API.Test.csproj", "{0C0313E6-34D9-4CCC-85CB-0E9FF72389E6}"
EndProject
Project("{FAE04EC0-301F-11D3-BF4B-00C04F79EFBC}") = "CityInfo.Chat", "CityInfo.Chat\CityInfo.Chat.csproj", "{3DEC613D-A32A-4E9A-9111-F33F3B91392B}"
EndProject
Project("{FAE04EC0-301F-11D3-BF4B-00C04F79EFBC}") = "CityInfo.Chat.Test", "CityInfo.Chat.Test\CityInfo.Chat.Test.csproj", "{FB654A54-FA82-472C-A3A9-DCB386AC442A}"
EndProject
Project("{FAE04EC0-301F-11D3-BF4B-00C04F79EFBC}") = "CityInfo.KeyVault.Test", "CityInfo.KeyVault.Test\CityInfo.KeyVault.Test.csproj", "{48ABC1E7-A791-4056-BEF1-048CF141AC8F}"
EndProject
Project("{FAE04EC0-301F-11D3-BF4B-00C04F79EFBC}") = "CarvedRock.API", "CarvedRock.API\CarvedRock.API.csproj", "{AD0D6361-C1D6-459D-BCE9-68C6CEEC60AF}"
EndProject
Global
	GlobalSection(SolutionConfigurationPlatforms) = preSolution
		Debug|Any CPU = Debug|Any CPU
		Release|Any CPU = Release|Any CPU
	EndGlobalSection
	GlobalSection(ProjectConfigurationPlatforms) = postSolution
		{EF5212A4-1D66-4B99-B6C3-4C5840648E1B}.Debug|Any CPU.ActiveCfg = Debug|Any CPU
		{EF5212A4-1D66-4B99-B6C3-4C5840648E1B}.Debug|Any CPU.Build.0 = Debug|Any CPU
		{EF5212A4-1D66-4B99-B6C3-4C5840648E1B}.Release|Any CPU.ActiveCfg = Release|Any CPU
		{EF5212A4-1D66-4B99-B6C3-4C5840648E1B}.Release|Any CPU.Build.0 = Release|Any CPU
		{0C0313E6-34D9-4CCC-85CB-0E9FF72389E6}.Debug|Any CPU.ActiveCfg = Debug|Any CPU
		{0C0313E6-34D9-4CCC-85CB-0E9FF72389E6}.Debug|Any CPU.Build.0 = Debug|Any CPU
		{0C0313E6-34D9-4CCC-85CB-0E9FF72389E6}.Release|Any CPU.ActiveCfg = Release|Any CPU
		{0C0313E6-34D9-4CCC-85CB-0E9FF72389E6}.Release|Any CPU.Build.0 = Release|Any CPU
		{3DEC613D-A32A-4E9A-9111-F33F3B91392B}.Debug|Any CPU.ActiveCfg = Debug|Any CPU
		{3DEC613D-A32A-4E9A-9111-F33F3B91392B}.Debug|Any CPU.Build.0 = Debug|Any CPU
		{3DEC613D-A32A-4E9A-9111-F33F3B91392B}.Release|Any CPU.ActiveCfg = Release|Any CPU
		{3DEC613D-A32A-4E9A-9111-F33F3B91392B}.Release|Any CPU.Build.0 = Release|Any CPU
		{FB654A54-FA82-472C-A3A9-DCB386AC442A}.Debug|Any CPU.ActiveCfg = Debug|Any CPU
		{FB654A54-FA82-472C-A3A9-DCB386AC442A}.Debug|Any CPU.Build.0 = Debug|Any CPU
		{FB654A54-FA82-472C-A3A9-DCB386AC442A}.Release|Any CPU.ActiveCfg = Release|Any CPU
		{FB654A54-FA82-472C-A3A9-DCB386AC442A}.Release|Any CPU.Build.0 = Release|Any CPU
		{48ABC1E7-A791-4056-BEF1-048CF141AC8F}.Debug|Any CPU.ActiveCfg = Debug|Any CPU
		{48ABC1E7-A791-4056-BEF1-048CF141AC8F}.Debug|Any CPU.Build.0 = Debug|Any CPU
		{48ABC1E7-A791-4056-BEF1-048CF141AC8F}.Release|Any CPU.ActiveCfg = Release|Any CPU
		{48ABC1E7-A791-4056-BEF1-048CF141AC8F}.Release|Any CPU.Build.0 = Release|Any CPU
		{AD0D6361-C1D6-459D-BCE9-68C6CEEC60AF}.Debug|Any CPU.ActiveCfg = Debug|Any CPU
		{AD0D6361-C1D6-459D-BCE9-68C6CEEC60AF}.Debug|Any CPU.Build.0 = Debug|Any CPU
		{AD0D6361-C1D6-459D-BCE9-68C6CEEC60AF}.Release|Any CPU.ActiveCfg = Release|Any CPU
		{AD0D6361-C1D6-459D-BCE9-68C6CEEC60AF}.Release|Any CPU.Build.0 = Release|Any CPU
	EndGlobalSection
EndGlobal
